// !$*UTF8*$!
{
	archiveVersion = 1;
	classes = {
	};
	objectVersion = 50;
	objects = {

/* Begin PBXBuildFile section */
		C80BDF2F2190BE3E008B29C4 /* SettingsViewController.swift in Sources */ = {isa = PBXBuildFile; fileRef = C80BDF2E2190BE3E008B29C4 /* SettingsViewController.swift */; };
		C82B5A6A218F362A005F288B /* HomeViewController.swift in Sources */ = {isa = PBXBuildFile; fileRef = C82B5A69218F362A005F288B /* HomeViewController.swift */; };
		C82B5A6C218F6169005F288B /* FavoriteViewController.swift in Sources */ = {isa = PBXBuildFile; fileRef = C82B5A6B218F6169005F288B /* FavoriteViewController.swift */; };
		C83EC69F218EE9880068CD70 /* AppDelegate.swift in Sources */ = {isa = PBXBuildFile; fileRef = C83EC69E218EE9880068CD70 /* AppDelegate.swift */; };
		C83EC6A6218EE9880068CD70 /* MyQuotes.storyboard in Resources */ = {isa = PBXBuildFile; fileRef = C83EC6A4218EE9880068CD70 /* MyQuotes.storyboard */; };
		C83EC6A8218EE9890068CD70 /* Assets.xcassets in Resources */ = {isa = PBXBuildFile; fileRef = C83EC6A7218EE9890068CD70 /* Assets.xcassets */; };
		C83EC6AB218EE9890068CD70 /* LaunchScreen.storyboard in Resources */ = {isa = PBXBuildFile; fileRef = C83EC6A9218EE9890068CD70 /* LaunchScreen.storyboard */; };
/* End PBXBuildFile section */

/* Begin PBXFileReference section */
		C80BDF2E2190BE3E008B29C4 /* SettingsViewController.swift */ = {isa = PBXFileReference; lastKnownFileType = sourcecode.swift; path = SettingsViewController.swift; sourceTree = "<group>"; };
		C82B5A69218F362A005F288B /* HomeViewController.swift */ = {isa = PBXFileReference; lastKnownFileType = sourcecode.swift; path = HomeViewController.swift; sourceTree = "<group>"; };
		C82B5A6B218F6169005F288B /* FavoriteViewController.swift */ = {isa = PBXFileReference; lastKnownFileType = sourcecode.swift; path = FavoriteViewController.swift; sourceTree = "<group>"; };
		C83EC69B218EE9880068CD70 /* MyQuotes.app */ = {isa = PBXFileReference; explicitFileType = wrapper.application; includeInIndex = 0; path = MyQuotes.app; sourceTree = BUILT_PRODUCTS_DIR; };
		C83EC69E218EE9880068CD70 /* AppDelegate.swift */ = {isa = PBXFileReference; lastKnownFileType = sourcecode.swift; path = AppDelegate.swift; sourceTree = "<group>"; };
		C83EC6A5218EE9880068CD70 /* Base */ = {isa = PBXFileReference; lastKnownFileType = file.storyboard; name = Base; path = Base.lproj/MyQuotes.storyboard; sourceTree = "<group>"; };
		C83EC6A7218EE9890068CD70 /* Assets.xcassets */ = {isa = PBXFileReference; lastKnownFileType = folder.assetcatalog; path = Assets.xcassets; sourceTree = "<group>"; };
		C83EC6AA218EE9890068CD70 /* Base */ = {isa = PBXFileReference; lastKnownFileType = file.storyboard; name = Base; path = Base.lproj/LaunchScreen.storyboard; sourceTree = "<group>"; };
		C83EC6AC218EE9890068CD70 /* Info.plist */ = {isa = PBXFileReference; lastKnownFileType = text.plist.xml; path = Info.plist; sourceTree = "<group>"; };
/* End PBXFileReference section */

/* Begin PBXFrameworksBuildPhase section */
		C83EC698218EE9880068CD70 /* Frameworks */ = {
			isa = PBXFrameworksBuildPhase;
			buildActionMask = 2147483647;
			files = (
			);
			runOnlyForDeploymentPostprocessing = 0;
		};
/* End PBXFrameworksBuildPhase section */

/* Begin PBXGroup section */
		C83EC692218EE9880068CD70 = {
			isa = PBXGroup;
			children = (
				C83EC69D218EE9880068CD70 /* MyQuotes */,
				C83EC69C218EE9880068CD70 /* Products */,
			);
			sourceTree = "<group>";
		};
		C83EC69C218EE9880068CD70 /* Products */ = {
			isa = PBXGroup;
			children = (
				C83EC69B218EE9880068CD70 /* MyQuotes.app */,
			);
			name = Products;
			sourceTree = "<group>";
		};
		C83EC69D218EE9880068CD70 /* MyQuotes */ = {
			isa = PBXGroup;
			children = (
				C83EC69E218EE9880068CD70 /* AppDelegate.swift */,
				C83EC6A4218EE9880068CD70 /* MyQuotes.storyboard */,
				C83EC6A7218EE9890068CD70 /* Assets.xcassets */,
				C83EC6A9218EE9890068CD70 /* LaunchScreen.storyboard */,
				C83EC6AC218EE9890068CD70 /* Info.plist */,
				C82B5A69218F362A005F288B /* HomeViewController.swift */,
				C82B5A6B218F6169005F288B /* FavoriteViewController.swift */,
				C80BDF2E2190BE3E008B29C4 /* SettingsViewController.swift */,
			);
			path = MyQuotes;
			sourceTree = "<group>";
		};
/* End PBXGroup section */

/* Begin PBXNativeTarget section */
		C83EC69A218EE9880068CD70 /* MyQuotes */ = {
			isa = PBXNativeTarget;
			buildConfigurationList = C83EC6AF218EE9890068CD70 /* Build configuration list for PBXNativeTarget "MyQuotes" */;
			buildPhases = (
				C83EC697218EE9880068CD70 /* Sources */,
				C83EC698218EE9880068CD70 /* Frameworks */,
				C83EC699218EE9880068CD70 /* Resources */,
			);
			buildRules = (
			);
			dependencies = (
			);
			name = MyQuotes;
			productName = MyQuotes;
			productReference = C83EC69B218EE9880068CD70 /* MyQuotes.app */;
			productType = "com.apple.product-type.application";
		};
/* End PBXNativeTarget section */

/* Begin PBXProject section */
		C83EC693218EE9880068CD70 /* Project object */ = {
			isa = PBXProject;
			attributes = {
				LastSwiftUpdateCheck = 1000;
				LastUpgradeCheck = 1000;
				ORGANIZATIONNAME = "Md Zahidul islam";
				TargetAttributes = {
					C83EC69A218EE9880068CD70 = {
						CreatedOnToolsVersion = 10.0;
					};
				};
			};
			buildConfigurationList = C83EC696218EE9880068CD70 /* Build configuration list for PBXProject "MyQuotes" */;
			compatibilityVersion = "Xcode 9.3";
			developmentRegion = en;
			hasScannedForEncodings = 0;
			knownRegions = (
				en,
				Base,
			);
			mainGroup = C83EC692218EE9880068CD70;
			productRefGroup = C83EC69C218EE9880068CD70 /* Products */;
			projectDirPath = "";
			projectRoot = "";
			targets = (
				C83EC69A218EE9880068CD70 /* MyQuotes */,
			);
		};
/* End PBXProject section */

/* Begin PBXResourcesBuildPhase section */
		C83EC699218EE9880068CD70 /* Resources */ = {
			isa = PBXResourcesBuildPhase;
			buildActionMask = 2147483647;
			files = (
				C83EC6AB218EE9890068CD70 /* LaunchScreen.storyboard in Resources */,
				C83EC6A8218EE9890068CD70 /* Assets.xcassets in Resources */,
				C83EC6A6218EE9880068CD70 /* MyQuotes.storyboard in Resources */,
			);
			runOnlyForDeploymentPostprocessing = 0;
		};
/* End PBXResourcesBuildPhase section */

/* Begin PBXSourcesBuildPhase section */
		C83EC697218EE9880068CD70 /* Sources */ = {
			isa = PBXSourcesBuildPhase;
			buildActionMask = 2147483647;
			files = (
				C83EC69F218EE9880068CD70 /* AppDelegate.swift in Sources */,
				C82B5A6C218F6169005F288B /* FavoriteViewController.swift in Sources */,
				C82B5A6A218F362A005F288B /* HomeViewController.swift in Sources */,
				C80BDF2F2190BE3E008B29C4 /* SettingsViewController.swift in Sources */,
			);
			runOnlyForDeploymentPostprocessing = 0;
		};
/* End PBXSourcesBuildPhase section */

/* Begin PBXVariantGroup section */
		C83EC6A4218EE9880068CD70 /* MyQuotes.storyboard */ = {
			isa = PBXVariantGroup;
			children = (
				C83EC6A5218EE9880068CD70 /* Base */,
			);
			name = MyQuotes.storyboard;
			sourceTree = "<group>";
		};
		C83EC6A9218EE9890068CD70 /* LaunchScreen.storyboard */ = {
			isa = PBXVariantGroup;
			children = (
				C83EC6AA218EE9890068CD70 /* Base */,
			);
			name = LaunchScreen.storyboard;
			sourceTree = "<group>";
		};
/* End PBXVariantGroup section */

/* Begin XCBuildConfiguration section */
		C83EC6AD218EE9890068CD70 /* Debug */ = {
			isa = XCBuildConfiguration;
			buildSettings = {
				ALWAYS_SEARCH_USER_PATHS = NO;
				CLANG_ANALYZER_NONNULL = YES;
				CLANG_ANALYZER_NUMBER_OBJECT_CONVERSION = YES_AGGRESSIVE;
				CLANG_CXX_LANGUAGE_STANDARD = "gnu++14";
				CLANG_CXX_LIBRARY = "libc++";
				CLANG_ENABLE_MODULES = YES;
				CLANG_ENABLE_OBJC_ARC = YES;
				CLANG_ENABLE_OBJC_WEAK = YES;
				CLANG_WARN_BLOCK_CAPTURE_AUTORELEASING = YES;
				CLANG_WARN_BOOL_CONVERSION = YES;
				CLANG_WARN_COMMA = YES;
				CLANG_WARN_CONSTANT_CONVERSION = YES;
				CLANG_WARN_DEPRECATED_OBJC_IMPLEMENTATIONS = YES;
				CLANG_WARN_DIRECT_OBJC_ISA_USAGE = YES_ERROR;
				CLANG_WARN_DOCUMENTATION_COMMENTS = YES;
				CLANG_WARN_EMPTY_BODY = YES;
				CLANG_WARN_ENUM_CONVERSION = YES;
				CLANG_WARN_INFINITE_RECURSION = YES;
				CLANG_WARN_INT_CONVERSION = YES;
				CLANG_WARN_NON_LITERAL_NULL_CONVERSION = YES;
				CLANG_WARN_OBJC_IMPLICIT_RETAIN_SELF = YES;
				CLANG_WARN_OBJC_LITERAL_CONVERSION = YES;
				CLANG_WARN_OBJC_ROOT_CLASS = YES_ERROR;
				CLANG_WARN_RANGE_LOOP_ANALYSIS = YES;
				CLANG_WARN_STRICT_PROTOTYPES = YES;
				CLANG_WARN_SUSPICIOUS_MOVE = YES;
				CLANG_WARN_UNGUARDED_AVAILABILITY = YES_AGGRESSIVE;
				CLANG_WARN_UNREACHABLE_CODE = YES;
				CLANG_WARN__DUPLICATE_METHOD_MATCH = YES;
				CODE_SIGN_IDENTITY = "iPhone Developer";
				COPY_PHASE_STRIP = NO;
				DEBUG_INFORMATION_FORMAT = dwarf;
				ENABLE_STRICT_OBJC_MSGSEND = YES;
				ENABLE_TESTABILITY = YES;
				GCC_C_LANGUAGE_STANDARD = gnu11;
				GCC_DYNAMIC_NO_PIC = NO;
				GCC_NO_COMMON_BLOCKS = YES;
				GCC_OPTIMIZATION_LEVEL = 0;
				GCC_PREPROCESSOR_DEFINITIONS = (
					"DEBUG=1",
					"$(inherited)",
				);
				GCC_WARN_64_TO_32_BIT_CONVERSION = YES;
				GCC_WARN_ABOUT_RETURN_TYPE = YES_ERROR;
				GCC_WARN_UNDECLARED_SELECTOR = YES;
				GCC_WARN_UNINITIALIZED_AUTOS = YES_AGGRESSIVE;
				GCC_WARN_UNUSED_FUNCTION = YES;
				GCC_WARN_UNUSED_VARIABLE = YES;
				IPHONEOS_DEPLOYMENT_TARGET = 12.0;
				MTL_ENABLE_DEBUG_INFO = INCLUDE_SOURCE;
				MTL_FAST_MATH = YES;
				ONLY_ACTIVE_ARCH = YES;
				SDKROOT = iphoneos;
				SWIFT_ACTIVE_COMPILATION_CONDITIONS = DEBUG;
				SWIFT_OPTIMIZATION_LEVEL = "-Onone";
			};
			name = Debug;
		};
		C83EC6AE218EE9890068CD70 /* Release */ = {
			isa = XCBuildConfiguration;
			buildSettings = {
				ALWAYS_SEARCH_USER_PATHS = NO;
				CLANG_ANALYZER_NONNULL = YES;
				CLANG_ANALYZER_NUMBER_OBJECT_CONVERSION = YES_AGGRESSIVE;
				CLANG_CXX_LANGUAGE_STANDARD = "gnu++14";
				CLANG_CXX_LIBRARY = "libc++";
				CLANG_ENABLE_MODULES = YES;
				CLANG_ENABLE_OBJC_ARC = YES;
				CLANG_ENABLE_OBJC_WEAK = YES;
				CLANG_WARN_BLOCK_CAPTURE_AUTORELEASING = YES;
				CLANG_WARN_BOOL_CONVERSION = YES;
				CLANG_WARN_COMMA = YES;
				CLANG_WARN_CONSTANT_CONVERSION = YES;
				CLANG_WARN_DEPRECATED_OBJC_IMPLEMENTATIONS = YES;
				CLANG_WARN_DIRECT_OBJC_ISA_USAGE = YES_ERROR;
				CLANG_WARN_DOCUMENTATION_COMMENTS = YES;
				CLANG_WARN_EMPTY_BODY = YES;
				CLANG_WARN_ENUM_CONVERSION = YES;
				CLANG_WARN_INFINITE_RECURSION = YES;
				CLANG_WARN_INT_CONVERSION = YES;
				CLANG_WARN_NON_LITERAL_NULL_CONVERSION = YES;
				CLANG_WARN_OBJC_IMPLICIT_RETAIN_SELF = YES;
				CLANG_WARN_OBJC_LITERAL_CONVERSION = YES;
				CLANG_WARN_OBJC_ROOT_CLASS = YES_ERROR;
				CLANG_WARN_RANGE_LOOP_ANALYSIS = YES;
				CLANG_WARN_STRICT_PROTOTYPES = YES;
				CLANG_WARN_SUSPICIOUS_MOVE = YES;
				CLANG_WARN_UNGUARDED_AVAILABILITY = YES_AGGRESSIVE;
				CLANG_WARN_UNREACHABLE_CODE = YES;
				CLANG_WARN__DUPLICATE_METHOD_MATCH = YES;
				CODE_SIGN_IDENTITY = "iPhone Developer";
				COPY_PHASE_STRIP = NO;
				DEBUG_INFORMATION_FORMAT = "dwarf-with-dsym";
				ENABLE_NS_ASSERTIONS = NO;
				ENABLE_STRICT_OBJC_MSGSEND = YES;
				GCC_C_LANGUAGE_STANDARD = gnu11;
				GCC_NO_COMMON_BLOCKS = YES;
				GCC_WARN_64_TO_32_BIT_CONVERSION = YES;
				GCC_WARN_ABOUT_RETURN_TYPE = YES_ERROR;
				GCC_WARN_UNDECLARED_SELECTOR = YES;
				GCC_WARN_UNINITIALIZED_AUTOS = YES_AGGRESSIVE;
				GCC_WARN_UNUSED_FUNCTION = YES;
				GCC_WARN_UNUSED_VARIABLE = YES;
				IPHONEOS_DEPLOYMENT_TARGET = 12.0;
				MTL_ENABLE_DEBUG_INFO = NO;
				MTL_FAST_MATH = YES;
				SDKROOT = iphoneos;
				SWIFT_COMPILATION_MODE = wholemodule;
				SWIFT_OPTIMIZATION_LEVEL = "-O";
				VALIDATE_PRODUCT = YES;
			};
			name = Release;
		};
		C83EC6B0218EE9890068CD70 /* Debug */ = {
			isa = XCBuildConfiguration;
			buildSettings = {
				ASSETCATALOG_COMPILER_APPICON_NAME = AppIcon;
				CODE_SIGN_STYLE = Automatic;
				DEVELOPMENT_TEAM = 94Z6QS6A4W;
				INFOPLIST_FILE = MyQuotes/Info.plist;
				IPHONEOS_DEPLOYMENT_TARGET = 9.2;
				LD_RUNPATH_SEARCH_PATHS = (
					"$(inherited)",
					"@executable_path/Frameworks",
				);
				PRODUCT_BUNDLE_IDENTIFIER = com.zaddubd.MyQuotes;
				PRODUCT_NAME = "$(TARGET_NAME)";
				SWIFT_VERSION = 4.2;
				TARGETED_DEVICE_FAMILY = "1,2";
			};
			name = Debug;
		};
		C83EC6B1218EE9890068CD70 /* Release */ = {
			isa = XCBuildConfiguration;
			buildSettings = {
				ASSETCATALOG_COMPILER_APPICON_NAME = AppIcon;
				CODE_SIGN_STYLE = Automatic;
				DEVELOPMENT_TEAM = 94Z6QS6A4W;
				INFOPLIST_FILE = MyQuotes/Info.plist;
				IPHONEOS_DEPLOYMENT_TARGET = 9.2;
				LD_RUNPATH_SEARCH_PATHS = (
					"$(inherited)",
					"@executable_path/Frameworks",
				);
				PRODUCT_BUNDLE_IDENTIFIER = com.zaddubd.MyQuotes;
				PRODUCT_NAME = "$(TARGET_NAME)";
				SWIFT_VERSION = 4.2;
				TARGETED_DEVICE_FAMILY = "1,2";
			};
			name = Release;
		};
/* End XCBuildConfiguration section */

/* Begin XCConfigurationList section */
		C83EC696218EE9880068CD70 /* Build configuration list for PBXProject "MyQuotes" */ = {
			isa = XCConfigurationList;
			buildConfigurations = (
				C83EC6AD218EE9890068CD70 /* Debug */,
				C83EC6AE218EE9890068CD70 /* Release */,
			);
			defaultConfigurationIsVisible = 0;
			defaultConfigurationName = Release;
		};
		C83EC6AF218EE9890068CD70 /* Build configuration list for PBXNativeTarget "MyQuotes" */ = {
			isa = XCConfigurationList;
			buildConfigurations = (
				C83EC6B0218EE9890068CD70 /* Debug */,
				C83EC6B1218EE9890068CD70 /* Release */,
			);
			defaultConfigurationIsVisible = 0;
			defaultConfigurationName = Release;
		};
/* End XCConfigurationList section */
	};
	rootObject = C83EC693218EE9880068CD70 /* Project object */;
}
